{
  "nodes": {
    "fan-control": {
      "flake": false,
      "locked": {
        "lastModified": 1698501344,
        "narHash": "sha256-TuilsK62MovO9WpwUlQTf9K1ClDFk2P3exWYiITONs0=",
        "owner": "pymumu",
        "repo": "fan-control-rock5b",
        "rev": "3a119fa4783223dfed4a73474761b883ee425cf0",
        "type": "github"
      },
      "original": {
        "owner": "pymumu",
        "repo": "fan-control-rock5b",
        "type": "github"
      }
    },
    "flake-parts": {
      "inputs": {
        "nixpkgs-lib": "nixpkgs-lib"
      },
      "locked": {
        "lastModified": 1719994518,
        "narHash": "sha256-pQMhCCHyQGRzdfAkdJ4cIWiw+JNuWsTX7f0ZYSyz0VY=",
        "owner": "hercules-ci",
        "repo": "flake-parts",
        "rev": "9227223f6d922fee3c7b190b2cc238a99527bbb7",
        "type": "github"
      },
      "original": {
        "owner": "hercules-ci",
        "repo": "flake-parts",
        "type": "github"
      }
    },
    "kernel-src": {
      "flake": false,
      "locked": {
        "lastModified": 1676631659,
        "narHash": "sha256-TjAF7BPSDy5iHSk8byp+vsKop0V+rqrmr+TXLqXLB2M=",
        "owner": "radxa",
        "repo": "kernel",
        "rev": "a9583fb47e9b96c552f458a376207141602c0025",
        "type": "github"
      },
      "original": {
        "owner": "radxa",
        "repo": "kernel",
        "rev": "a9583fb47e9b96c552f458a376207141602c0025",
        "type": "github"
      }
    },
    "nixpkgs": {
      "locked": {
        "lastModified": 1720957393,
        "narHash": "sha256-oedh2RwpjEa+TNxhg5Je9Ch6d3W1NKi7DbRO1ziHemA=",
        "owner": "nixos",
        "repo": "nixpkgs",
        "rev": "693bc46d169f5af9c992095736e82c3488bf7dbb",
        "type": "github"
      },
      "original": {
        "owner": "nixos",
        "ref": "nixos-unstable",
        "repo": "nixpkgs",
        "type": "github"
      }
    },
    "nixpkgs-lib": {
      "locked": {
        "lastModified": 1719876945,
        "narHash": "sha256-Fm2rDDs86sHy0/1jxTOKB1118Q0O3Uc7EC0iXvXKpbI=",
        "type": "tarball",
        "url": "https://github.com/NixOS/nixpkgs/archive/5daf0514482af3f97abaefc78a6606365c9108e2.tar.gz"
      },
      "original": {
        "type": "tarball",
        "url": "https://github.com/NixOS/nixpkgs/archive/5daf0514482af3f97abaefc78a6606365c9108e2.tar.gz"
      }
    },
    "root": {
      "inputs": {
        "fan-control": "fan-control",
        "flake-parts": "flake-parts",
        "kernel-src": "kernel-src",
        "nixpkgs": "nixpkgs",
        "tow-boot": "tow-boot",
        "treefmt-nix": "treefmt-nix"
      }
    },
    "tow-boot": {
      "flake": false,
      "locked": {
        "lastModified": 1696375616,
        "narHash": "sha256-iCo5KF9+WMYww02cdlwEm+Y7Y8oo2b9eU4R3gyTUHmY=",
        "owner": "aciceri",
        "repo": "Tow-Boot",
        "rev": "f2aa25ce26be9756e91eafc9a98eae871720f14e",
        "type": "github"
      },
      "original": {
        "owner": "aciceri",
        "ref": "rock5b",
        "repo": "Tow-Boot",
        "type": "github"
      }
    },
    "treefmt-nix": {
      "inputs": {
        "nixpkgs": [
          "nixpkgs"
        ]
      },
      "locked": {
        "lastModified": 1721059077,
        "narHash": "sha256-gCICMMX7VMSKKt99giDDtRLkHJ0cwSgBtDijJAqTlto=",
        "owner": "numtide",
        "repo": "treefmt-nix",
        "rev": "0fb28f237f83295b4dd05e342f333b447c097398",
        "type": "github"
      },
      "original": {
        "owner": "numtide",
        "repo": "treefmt-nix",
        "type": "github"
      }
    }
  },
  "root": "root",
  "version": 7
}
